
Microsoft Visual Studio Solution File, Format Version 12.00
# Visual Studio Version 16
VisualStudioVersion = 16.0.31025.194
MinimumVisualStudioVersion = 10.0.40219.1
Project("{8BC9CEB8-8B4A-11D0-8D11-00A0C91BC942}") = "View", "View\View.vcxproj", "{5F10144D-5605-4F34-AD5C-2B022B5549E0}"
EndProject
Project("{8BC9CEB8-8B4A-11D0-8D11-00A0C91BC942}") = "binarySearch", "binarySearch\binarySearch.vcxproj", "{2FA6ACB6-2075-4AA6-ADB6-567FDCC00044}"
EndProject
Project("{8BC9CEB8-8B4A-11D0-8D11-00A0C91BC942}") = "bestFishBun", "bestFishBun\bestFishBun.vcxproj", "{0B9BDF60-FEC0-453B-80B1-443FBE65F764}"
EndProject
Project("{8BC9CEB8-8B4A-11D0-8D11-00A0C91BC942}") = "Maze1_BFS", "Maze1_BFS\Maze1_BFS.vcxproj", "{04CAD2A1-9AC4-4BC3-8F5E-F430B14ABA1D}"
EndProject
Project("{8BC9CEB8-8B4A-11D0-8D11-00A0C91BC942}") = "Maze2_BFS", "Maze2_BFS\Maze2_BFS.vcxproj", "{5986B1ED-986C-4A3E-A2E8-C076DCC8A78D}"
EndProject
Project("{8BC9CEB8-8B4A-11D0-8D11-00A0C91BC942}") = "SignificantFigure", "SignificantFigure\SignificantFigure.vcxproj", "{43AB6D2A-2E58-49D8-B08E-F68155FF011E}"
EndProject
Project("{8BC9CEB8-8B4A-11D0-8D11-00A0C91BC942}") = "FindNumber", "FindNumber\FindNumber.vcxproj", "{90FA7961-6E60-4B16-8AC7-EB8F48E53780}"
EndProject
Project("{8BC9CEB8-8B4A-11D0-8D11-00A0C91BC942}") = "Virus", "Virus\Virus.vcxproj", "{3347EBAF-37F5-4922-BB32-3B9557CEB827}"
EndProject
Project("{8BC9CEB8-8B4A-11D0-8D11-00A0C91BC942}") = "DFSAndBFS", "DFSAndBFS\DFSAndBFS.vcxproj", "{1A8937FD-5562-4692-8D24-51059824F776}"
EndProject
Project("{8BC9CEB8-8B4A-11D0-8D11-00A0C91BC942}") = "Virus_DFS", "Virus_DFS\Virus_DFS.vcxproj", "{0D9EB99D-8ED0-40B1-9CA9-1EF89CFC651F}"
EndProject
Project("{8BC9CEB8-8B4A-11D0-8D11-00A0C91BC942}") = "Maze1_DFS", "Maze1_DFS\Maze1_DFS.vcxproj", "{B719427E-ED12-415A-8355-E498A0B478D8}"
EndProject
Project("{8BC9CEB8-8B4A-11D0-8D11-00A0C91BC942}") = "Maze2_DFS", "Maze2_DFS\Maze2_DFS.vcxproj", "{E13344DF-6DE3-4445-A46F-D2F4FA8E7969}"
EndProject
Global
	GlobalSection(SolutionConfigurationPlatforms) = preSolution
		Debug|x64 = Debug|x64
		Debug|x86 = Debug|x86
		Release|x64 = Release|x64
		Release|x86 = Release|x86
	EndGlobalSection
	GlobalSection(ProjectConfigurationPlatforms) = postSolution
		{5F10144D-5605-4F34-AD5C-2B022B5549E0}.Debug|x64.ActiveCfg = Debug|x64
		{5F10144D-5605-4F34-AD5C-2B022B5549E0}.Debug|x64.Build.0 = Debug|x64
		{5F10144D-5605-4F34-AD5C-2B022B5549E0}.Debug|x86.ActiveCfg = Debug|Win32
		{5F10144D-5605-4F34-AD5C-2B022B5549E0}.Debug|x86.Build.0 = Debug|Win32
		{5F10144D-5605-4F34-AD5C-2B022B5549E0}.Release|x64.ActiveCfg = Release|x64
		{5F10144D-5605-4F34-AD5C-2B022B5549E0}.Release|x64.Build.0 = Release|x64
		{5F10144D-5605-4F34-AD5C-2B022B5549E0}.Release|x86.ActiveCfg = Release|Win32
		{5F10144D-5605-4F34-AD5C-2B022B5549E0}.Release|x86.Build.0 = Release|Win32
		{2FA6ACB6-2075-4AA6-ADB6-567FDCC00044}.Debug|x64.ActiveCfg = Debug|x64
		{2FA6ACB6-2075-4AA6-ADB6-567FDCC00044}.Debug|x64.Build.0 = Debug|x64
		{2FA6ACB6-2075-4AA6-ADB6-567FDCC00044}.Debug|x86.ActiveCfg = Debug|Win32
		{2FA6ACB6-2075-4AA6-ADB6-567FDCC00044}.Debug|x86.Build.0 = Debug|Win32
		{2FA6ACB6-2075-4AA6-ADB6-567FDCC00044}.Release|x64.ActiveCfg = Release|x64
		{2FA6ACB6-2075-4AA6-ADB6-567FDCC00044}.Release|x64.Build.0 = Release|x64
		{2FA6ACB6-2075-4AA6-ADB6-567FDCC00044}.Release|x86.ActiveCfg = Release|Win32
		{2FA6ACB6-2075-4AA6-ADB6-567FDCC00044}.Release|x86.Build.0 = Release|Win32
		{0B9BDF60-FEC0-453B-80B1-443FBE65F764}.Debug|x64.ActiveCfg = Debug|x64
		{0B9BDF60-FEC0-453B-80B1-443FBE65F764}.Debug|x64.Build.0 = Debug|x64
		{0B9BDF60-FEC0-453B-80B1-443FBE65F764}.Debug|x86.ActiveCfg = Debug|Win32
		{0B9BDF60-FEC0-453B-80B1-443FBE65F764}.Debug|x86.Build.0 = Debug|Win32
		{0B9BDF60-FEC0-453B-80B1-443FBE65F764}.Release|x64.ActiveCfg = Release|x64
		{0B9BDF60-FEC0-453B-80B1-443FBE65F764}.Release|x64.Build.0 = Release|x64
		{0B9BDF60-FEC0-453B-80B1-443FBE65F764}.Release|x86.ActiveCfg = Release|Win32
		{0B9BDF60-FEC0-453B-80B1-443FBE65F764}.Release|x86.Build.0 = Release|Win32
		{04CAD2A1-9AC4-4BC3-8F5E-F430B14ABA1D}.Debug|x64.ActiveCfg = Debug|x64
		{04CAD2A1-9AC4-4BC3-8F5E-F430B14ABA1D}.Debug|x64.Build.0 = Debug|x64
		{04CAD2A1-9AC4-4BC3-8F5E-F430B14ABA1D}.Debug|x86.ActiveCfg = Debug|Win32
		{04CAD2A1-9AC4-4BC3-8F5E-F430B14ABA1D}.Debug|x86.Build.0 = Debug|Win32
		{04CAD2A1-9AC4-4BC3-8F5E-F430B14ABA1D}.Release|x64.ActiveCfg = Release|x64
		{04CAD2A1-9AC4-4BC3-8F5E-F430B14ABA1D}.Release|x64.Build.0 = Release|x64
		{04CAD2A1-9AC4-4BC3-8F5E-F430B14ABA1D}.Release|x86.ActiveCfg = Release|Win32
		{04CAD2A1-9AC4-4BC3-8F5E-F430B14ABA1D}.Release|x86.Build.0 = Release|Win32
		{5986B1ED-986C-4A3E-A2E8-C076DCC8A78D}.Debug|x64.ActiveCfg = Debug|x64
		{5986B1ED-986C-4A3E-A2E8-C076DCC8A78D}.Debug|x64.Build.0 = Debug|x64
		{5986B1ED-986C-4A3E-A2E8-C076DCC8A78D}.Debug|x86.ActiveCfg = Debug|Win32
		{5986B1ED-986C-4A3E-A2E8-C076DCC8A78D}.Debug|x86.Build.0 = Debug|Win32
		{5986B1ED-986C-4A3E-A2E8-C076DCC8A78D}.Release|x64.ActiveCfg = Release|x64
		{5986B1ED-986C-4A3E-A2E8-C076DCC8A78D}.Release|x64.Build.0 = Release|x64
		{5986B1ED-986C-4A3E-A2E8-C076DCC8A78D}.Release|x86.ActiveCfg = Release|Win32
		{5986B1ED-986C-4A3E-A2E8-C076DCC8A78D}.Release|x86.Build.0 = Release|Win32
		{43AB6D2A-2E58-49D8-B08E-F68155FF011E}.Debug|x64.ActiveCfg = Debug|x64
		{43AB6D2A-2E58-49D8-B08E-F68155FF011E}.Debug|x64.Build.0 = Debug|x64
		{43AB6D2A-2E58-49D8-B08E-F68155FF011E}.Debug|x86.ActiveCfg = Debug|Win32
		{43AB6D2A-2E58-49D8-B08E-F68155FF011E}.Debug|x86.Build.0 = Debug|Win32
		{43AB6D2A-2E58-49D8-B08E-F68155FF011E}.Release|x64.ActiveCfg = Release|x64
		{43AB6D2A-2E58-49D8-B08E-F68155FF011E}.Release|x64.Build.0 = Release|x64
		{43AB6D2A-2E58-49D8-B08E-F68155FF011E}.Release|x86.ActiveCfg = Release|Win32
		{43AB6D2A-2E58-49D8-B08E-F68155FF011E}.Release|x86.Build.0 = Release|Win32
		{90FA7961-6E60-4B16-8AC7-EB8F48E53780}.Debug|x64.ActiveCfg = Debug|x64
		{90FA7961-6E60-4B16-8AC7-EB8F48E53780}.Debug|x64.Build.0 = Debug|x64
		{90FA7961-6E60-4B16-8AC7-EB8F48E53780}.Debug|x86.ActiveCfg = Debug|Win32
		{90FA7961-6E60-4B16-8AC7-EB8F48E53780}.Debug|x86.Build.0 = Debug|Win32
		{90FA7961-6E60-4B16-8AC7-EB8F48E53780}.Release|x64.ActiveCfg = Release|x64
		{90FA7961-6E60-4B16-8AC7-EB8F48E53780}.Release|x64.Build.0 = Release|x64
		{90FA7961-6E60-4B16-8AC7-EB8F48E53780}.Release|x86.ActiveCfg = Release|Win32
		{90FA7961-6E60-4B16-8AC7-EB8F48E53780}.Release|x86.Build.0 = Release|Win32
		{3347EBAF-37F5-4922-BB32-3B9557CEB827}.Debug|x64.ActiveCfg = Debug|x64
		{3347EBAF-37F5-4922-BB32-3B9557CEB827}.Debug|x64.Build.0 = Debug|x64
		{3347EBAF-37F5-4922-BB32-3B9557CEB827}.Debug|x86.ActiveCfg = Debug|Win32
		{3347EBAF-37F5-4922-BB32-3B9557CEB827}.Debug|x86.Build.0 = Debug|Win32
		{3347EBAF-37F5-4922-BB32-3B9557CEB827}.Release|x64.ActiveCfg = Release|x64
		{3347EBAF-37F5-4922-BB32-3B9557CEB827}.Release|x64.Build.0 = Release|x64
		{3347EBAF-37F5-4922-BB32-3B9557CEB827}.Release|x86.ActiveCfg = Release|Win32
		{3347EBAF-37F5-4922-BB32-3B9557CEB827}.Release|x86.Build.0 = Release|Win32
		{1A8937FD-5562-4692-8D24-51059824F776}.Debug|x64.ActiveCfg = Debug|x64
		{1A8937FD-5562-4692-8D24-51059824F776}.Debug|x64.Build.0 = Debug|x64
		{1A8937FD-5562-4692-8D24-51059824F776}.Debug|x86.ActiveCfg = Debug|Win32
		{1A8937FD-5562-4692-8D24-51059824F776}.Debug|x86.Build.0 = Debug|Win32
		{1A8937FD-5562-4692-8D24-51059824F776}.Release|x64.ActiveCfg = Release|x64
		{1A8937FD-5562-4692-8D24-51059824F776}.Release|x64.Build.0 = Release|x64
		{1A8937FD-5562-4692-8D24-51059824F776}.Release|x86.ActiveCfg = Release|Win32
		{1A8937FD-5562-4692-8D24-51059824F776}.Release|x86.Build.0 = Release|Win32
		{0D9EB99D-8ED0-40B1-9CA9-1EF89CFC651F}.Debug|x64.ActiveCfg = Debug|x64
		{0D9EB99D-8ED0-40B1-9CA9-1EF89CFC651F}.Debug|x64.Build.0 = Debug|x64
		{0D9EB99D-8ED0-40B1-9CA9-1EF89CFC651F}.Debug|x86.ActiveCfg = Debug|Win32
		{0D9EB99D-8ED0-40B1-9CA9-1EF89CFC651F}.Debug|x86.Build.0 = Debug|Win32
		{0D9EB99D-8ED0-40B1-9CA9-1EF89CFC651F}.Release|x64.ActiveCfg = Release|x64
		{0D9EB99D-8ED0-40B1-9CA9-1EF89CFC651F}.Release|x64.Build.0 = Release|x64
		{0D9EB99D-8ED0-40B1-9CA9-1EF89CFC651F}.Release|x86.ActiveCfg = Release|Win32
		{0D9EB99D-8ED0-40B1-9CA9-1EF89CFC651F}.Release|x86.Build.0 = Release|Win32
		{B719427E-ED12-415A-8355-E498A0B478D8}.Debug|x64.ActiveCfg = Debug|x64
		{B719427E-ED12-415A-8355-E498A0B478D8}.Debug|x64.Build.0 = Debug|x64
		{B719427E-ED12-415A-8355-E498A0B478D8}.Debug|x86.ActiveCfg = Debug|Win32
		{B719427E-ED12-415A-8355-E498A0B478D8}.Debug|x86.Build.0 = Debug|Win32
		{B719427E-ED12-415A-8355-E498A0B478D8}.Release|x64.ActiveCfg = Release|x64
		{B719427E-ED12-415A-8355-E498A0B478D8}.Release|x64.Build.0 = Release|x64
		{B719427E-ED12-415A-8355-E498A0B478D8}.Release|x86.ActiveCfg = Release|Win32
		{B719427E-ED12-415A-8355-E498A0B478D8}.Release|x86.Build.0 = Release|Win32
		{E13344DF-6DE3-4445-A46F-D2F4FA8E7969}.Debug|x64.ActiveCfg = Debug|x64
		{E13344DF-6DE3-4445-A46F-D2F4FA8E7969}.Debug|x64.Build.0 = Debug|x64
		{E13344DF-6DE3-4445-A46F-D2F4FA8E7969}.Debug|x86.ActiveCfg = Debug|Win32
		{E13344DF-6DE3-4445-A46F-D2F4FA8E7969}.Debug|x86.Build.0 = Debug|Win32
		{E13344DF-6DE3-4445-A46F-D2F4FA8E7969}.Release|x64.ActiveCfg = Release|x64
		{E13344DF-6DE3-4445-A46F-D2F4FA8E7969}.Release|x64.Build.0 = Release|x64
		{E13344DF-6DE3-4445-A46F-D2F4FA8E7969}.Release|x86.ActiveCfg = Release|Win32
		{E13344DF-6DE3-4445-A46F-D2F4FA8E7969}.Release|x86.Build.0 = Release|Win32
	EndGlobalSection
	GlobalSection(SolutionProperties) = preSolution
		HideSolutionNode = FALSE
	EndGlobalSection
	GlobalSection(ExtensibilityGlobals) = postSolution
		SolutionGuid = {5108F58F-87D4-4D81-A006-6D5DB24D0F4C}
	EndGlobalSection
EndGlobal
